<Solution>
  <Project Path="../BankBusiness/BankBusiness.csproj" Id="e6eb0fa5-919b-42f3-a0fc-4af4ab44d1bc" />
  <Project Path="../BankModels/BankModels.csproj" Id="59618e9f-565f-4bff-b2a0-beef5e6b06c3" />
  <Project Path="../DataBankSystem/DataBankSystem.csproj" Id="5ef86d25-c077-4000-8a48-8c71702bd210" />
  <Project Path="WindowsFormsApp1.csproj" Id="3f0d7baf-af14-4697-b1af-c23fd301f93e" />
</Solution>
